
Microsoft Visual Studio Solution File, Format Version 12.00
# Visual Studio Version 16
VisualStudioVersion = 25.0.1705.4
MinimumVisualStudioVersion = 10.0.40219.1
Project("{FAE04EC0-301F-11D3-BF4B-00C04F79EFBC}") = "Warc.Net", "Warc.Net.csproj", "{CEA70FCC-C5B5-4A55-BAA6-F18C84762246}"
EndProject
Global
	GlobalSection(SolutionConfigurationPlatforms) = preSolution
		Debug|Any CPU = Debug|Any CPU
		Release|Any CPU = Release|Any CPU
	EndGlobalSection
	GlobalSection(ProjectConfigurationPlatforms) = postSolution
		{CEA70FCC-C5B5-4A55-BAA6-F18C84762246}.Debug|Any CPU.ActiveCfg = Debug|Any CPU
		{CEA70FCC-C5B5-4A55-BAA6-F18C84762246}.Debug|Any CPU.Build.0 = Debug|Any CPU
		{CEA70FCC-C5B5-4A55-BAA6-F18C84762246}.Release|Any CPU.ActiveCfg = Release|Any CPU
		{CEA70FCC-C5B5-4A55-BAA6-F18C84762246}.Release|Any CPU.Build.0 = Release|Any CPU
	EndGlobalSection
	GlobalSection(SolutionProperties) = preSolution
		HideSolutionNode = FALSE
	EndGlobalSection
	GlobalSection(ExtensibilityGlobals) = postSolution
		SolutionGuid = {3E816041-5395-4581-AD44-9378CCDE3627}
	EndGlobalSection
EndGlobal
